
Microsoft Visual Studio Solution File, Format Version 12.00
# Visual Studio 15
VisualStudioVersion = 15.0.27703.2018
MinimumVisualStudioVersion = 10.0.40219.1
Project("{FAE04EC0-301F-11D3-BF4B-00C04F79EFBC}") = "DutchTreat", "DutchTreat\DutchTreat.csproj", "{B4448353-F07A-4D70-88CD-5157A26918CE}"
EndProject
Global
	GlobalSection(SolutionConfigurationPlatforms) = preSolution
		Debug|Any CPU = Debug|Any CPU
		Release|Any CPU = Release|Any CPU
	EndGlobalSection
	GlobalSection(ProjectConfigurationPlatforms) = postSolution
		{B4448353-F07A-4D70-88CD-5157A26918CE}.Debug|Any CPU.ActiveCfg = Debug|Any CPU
		{B4448353-F07A-4D70-88CD-5157A26918CE}.Debug|Any CPU.Build.0 = Debug|Any CPU
		{B4448353-F07A-4D70-88CD-5157A26918CE}.Release|Any CPU.ActiveCfg = Release|Any CPU
		{B4448353-F07A-4D70-88CD-5157A26918CE}.Release|Any CPU.Build.0 = Release|Any CPU
	EndGlobalSection
	GlobalSection(SolutionProperties) = preSolution
		HideSolutionNode = FALSE
	EndGlobalSection
	GlobalSection(ExtensibilityGlobals) = postSolution
		SolutionGuid = {E619DF98-A5DA-4E43-A78D-E870B2D3562B}
	EndGlobalSection
EndGlobal
